
Microsoft Visual Studio Solution File, Format Version 12.00
Project("{FAE04EC0-301F-11D3-BF4B-00C04F79EFBC}") = "Anipi", "Anipi.csproj", "{A836BFB5-09D4-4927-9D6B-99313FFF46DE}"
EndProject
Global
	GlobalSection(SolutionConfigurationPlatforms) = preSolution
		Debug|Any CPU = Debug|Any CPU
		Release|Any CPU = Release|Any CPU
	EndGlobalSection
	GlobalSection(ProjectConfigurationPlatforms) = postSolution
		{A836BFB5-09D4-4927-9D6B-99313FFF46DE}.Debug|Any CPU.ActiveCfg = Debug|Any CPU
		{A836BFB5-09D4-4927-9D6B-99313FFF46DE}.Debug|Any CPU.Build.0 = Debug|Any CPU
		{A836BFB5-09D4-4927-9D6B-99313FFF46DE}.Release|Any CPU.ActiveCfg = Release|Any CPU
		{A836BFB5-09D4-4927-9D6B-99313FFF46DE}.Release|Any CPU.Build.0 = Release|Any CPU
	EndGlobalSection
EndGlobal
